
Microsoft Visual Studio Solution File, Format Version 12.00
# Visual Studio Version 16
VisualStudioVersion = 16.0.30503.244
MinimumVisualStudioVersion = 10.0.40219.1
Project("{2150E333-8FDC-42A3-9474-1A3956D46DE8}") = "Services", "Services", "{F09F3C4C-CE2E-416A-B251-983356834A97}"
EndProject
Project("{2150E333-8FDC-42A3-9474-1A3956D46DE8}") = "Catalog", "Catalog", "{3C215D8C-7849-46B2-BA52-10C5D35EA661}"
EndProject
Project("{FAE04EC0-301F-11D3-BF4B-00C04F79EFBC}") = "Catalog.API", "Services\Catalog\Catalog.API\Catalog.API.csproj", "{6B7627C2-41DC-4001-BAF5-65F6AE8C4655}"
EndProject
Global
	GlobalSection(SolutionConfigurationPlatforms) = preSolution
		Debug|Any CPU = Debug|Any CPU
		Release|Any CPU = Release|Any CPU
	EndGlobalSection
	GlobalSection(ProjectConfigurationPlatforms) = postSolution
		{6B7627C2-41DC-4001-BAF5-65F6AE8C4655}.Debug|Any CPU.ActiveCfg = Debug|Any CPU
		{6B7627C2-41DC-4001-BAF5-65F6AE8C4655}.Debug|Any CPU.Build.0 = Debug|Any CPU
		{6B7627C2-41DC-4001-BAF5-65F6AE8C4655}.Release|Any CPU.ActiveCfg = Release|Any CPU
		{6B7627C2-41DC-4001-BAF5-65F6AE8C4655}.Release|Any CPU.Build.0 = Release|Any CPU
	EndGlobalSection
	GlobalSection(SolutionProperties) = preSolution
		HideSolutionNode = FALSE
	EndGlobalSection
	GlobalSection(NestedProjects) = preSolution
		{3C215D8C-7849-46B2-BA52-10C5D35EA661} = {F09F3C4C-CE2E-416A-B251-983356834A97}
		{6B7627C2-41DC-4001-BAF5-65F6AE8C4655} = {3C215D8C-7849-46B2-BA52-10C5D35EA661}
	EndGlobalSection
	GlobalSection(ExtensibilityGlobals) = postSolution
		SolutionGuid = {BF7E6574-DB70-460E-A8F3-2A72C3F5E401}
	EndGlobalSection
EndGlobal
